{
  "requires": true,
  "lockfileVersion": 1,
  "dependencies": {
    "@types/d3": {
      "version": "3.5.44",
      "resolved": "https://registry.npmjs.org/@types/d3/-/d3-3.5.44.tgz",
      "integrity": "sha512-hFEcf03YGJ2uQoDYEp3nFD5mXWxly5kf6KOstuOQFEs9sUCN7kNlKhcYkpZ3gK6PiHz4XRLkoHa80NVCJNeLBw=="
    },
    "@types/plotly.js": {
      "version": "1.54.7",
      "resolved": "https://registry.npmjs.org/@types/plotly.js/-/plotly.js-1.54.7.tgz",
      "integrity": "sha512-4oNu0FHeMnL7ZB45MOs+MEstw0GvCVBRg2YvABrIPbN/hy65wg0Cy8Z0pyGwAXaXL9BeXjJJhQqFawjwZgobbQ==",
      "requires": {
        "@types/d3": "3.5.44"
      }
    },
    "axios": {
      "version": "0.21.1",
      "resolved": "https://registry.npmjs.org/axios/-/axios-0.21.1.tgz",
      "integrity": "sha512-dKQiRHxGD9PPRIUNIWvZhPTPpl1rf/OxTYKsqKUDjBwYylTvV7SjSHJb9ratfyzM6wCdLCOYLzs73qpg5c4iGA==",
      "requires": {
        "follow-redirects": "1.13.2"
      }
    },
    "follow-redirects": {
      "version": "1.13.2",
      "resolved": "https://registry.npmjs.org/follow-redirects/-/follow-redirects-1.13.2.tgz",
      "integrity": "sha512-6mPTgLxYm3r6Bkkg0vNM0HTjfGrOEtsfbhagQvbxDEsEkpNhw582upBaoRZylzen6krEmxXJgt9Ju6HiI4O7BA=="
    },
    "nodeplotlib": {
      "version": "0.7.3",
      "resolved": "https://registry.npmjs.org/nodeplotlib/-/nodeplotlib-0.7.3.tgz",
      "integrity": "sha512-ysMfRzNlFXGz2wG4AbZ+quSGx4JkNaggY0X4ILyWIqntHnDMa7cgN0KfT8Q0uUFIXjoLVZsnfTTZ2hLqsZm/7A==",
      "requires": {
        "@types/plotly.js": "1.54.7"
      }
    }
  }
}
